{
    "name": "@jeremy-bankes/schema",
    "version": "4.0.0",
    "lockfileVersion": 2,
    "requires": true,
    "packages": {
        "": {
            "name": "@jeremy-bankes/schema",
            "version": "4.0.0",
            "license": "GPL-3.0-or-later",
            "dependencies": {
                "@jeremy-bankes/toolbox": "^1.8.8"
            },
            "devDependencies": {
                "typescript": "^4.8.4"
            }
        },
        "node_modules/@jeremy-bankes/toolbox": {
            "version": "1.8.11",
            "resolved": "https://registry.npmjs.org/@jeremy-bankes/toolbox/-/toolbox-1.8.11.tgz",
            "integrity": "sha512-qALa5EZRRVYvI5S39qx8yyDxsihmqPRtLMbWo+XEl8bZKSMRxgYaxBVPfqdUVRcBHsU/uIHCcQJUPb2stT3oIA=="
        },
        "node_modules/typescript": {
            "version": "4.8.4",
            "resolved": "https://registry.npmjs.org/typescript/-/typescript-4.8.4.tgz",
            "integrity": "sha512-QCh+85mCy+h0IGff8r5XWzOVSbBO+KfeYrMQh7NJ58QujwcE22u+NUSmUxqF+un70P9GXKxa2HCNiTTMJknyjQ==",
            "dev": true,
            "bin": {
                "tsc": "bin/tsc",
                "tsserver": "bin/tsserver"
            },
            "engines": {
                "node": ">=4.2.0"
            }
        }
    },
    "dependencies": {
        "@jeremy-bankes/toolbox": {
            "version": "1.8.11",
            "resolved": "https://registry.npmjs.org/@jeremy-bankes/toolbox/-/toolbox-1.8.11.tgz",
            "integrity": "sha512-qALa5EZRRVYvI5S39qx8yyDxsihmqPRtLMbWo+XEl8bZKSMRxgYaxBVPfqdUVRcBHsU/uIHCcQJUPb2stT3oIA=="
        },
        "typescript": {
            "version": "4.8.4",
            "resolved": "https://registry.npmjs.org/typescript/-/typescript-4.8.4.tgz",
            "integrity": "sha512-QCh+85mCy+h0IGff8r5XWzOVSbBO+KfeYrMQh7NJ58QujwcE22u+NUSmUxqF+un70P9GXKxa2HCNiTTMJknyjQ==",
            "dev": true
        }
    }
}
